
Microsoft Visual Studio Solution File, Format Version 12.00
# Visual Studio 15
VisualStudioVersion = 15.0.27130.2010
MinimumVisualStudioVersion = 10.0.40219.1
Project("{9A19103F-16F7-4668-BE54-9A1E7A4F7556}") = "WebMagicSharp", "WebMagicSharp\WebMagicSharp.csproj", "{53EB02E5-3DE9-4809-AA97-5E35C1C95535}"
EndProject
Project("{9A19103F-16F7-4668-BE54-9A1E7A4F7556}") = "WebMagicSharp.Extensions", "WebMagicSharp.Extensions\WebMagicSharp.Extensions.csproj", "{39BFD624-DC74-4EAE-9005-F1E8C8661281}"
EndProject
Project("{9A19103F-16F7-4668-BE54-9A1E7A4F7556}") = "DuGu.Standard.Http", "DuGu.Standard.Http\DuGu.Standard.Http.csproj", "{BCDA2831-58B4-4BF1-A9F3-DB5489E759D9}"
EndProject
Project("{9A19103F-16F7-4668-BE54-9A1E7A4F7556}") = "DuGu.Standard.Html", "DuGu.Standard.Html\DuGu.Standard.Html.csproj", "{71D785C6-8010-4BF2-8052-64FF7463553C}"
EndProject
Project("{FAE04EC0-301F-11D3-BF4B-00C04F79EFBC}") = "WebMagicSharp.Linq", "WebMagicSharp.Linq\WebMagicSharp.Linq.csproj", "{516A83A0-A501-4B8C-9C93-C490D63A648C}"
EndProject
Global
	GlobalSection(SolutionConfigurationPlatforms) = preSolution
		Debug|Any CPU = Debug|Any CPU
		Release|Any CPU = Release|Any CPU
	EndGlobalSection
	GlobalSection(ProjectConfigurationPlatforms) = postSolution
		{53EB02E5-3DE9-4809-AA97-5E35C1C95535}.Debug|Any CPU.ActiveCfg = Debug|Any CPU
		{53EB02E5-3DE9-4809-AA97-5E35C1C95535}.Debug|Any CPU.Build.0 = Debug|Any CPU
		{53EB02E5-3DE9-4809-AA97-5E35C1C95535}.Release|Any CPU.ActiveCfg = Release|Any CPU
		{53EB02E5-3DE9-4809-AA97-5E35C1C95535}.Release|Any CPU.Build.0 = Release|Any CPU
		{39BFD624-DC74-4EAE-9005-F1E8C8661281}.Debug|Any CPU.ActiveCfg = Debug|Any CPU
		{39BFD624-DC74-4EAE-9005-F1E8C8661281}.Debug|Any CPU.Build.0 = Debug|Any CPU
		{39BFD624-DC74-4EAE-9005-F1E8C8661281}.Release|Any CPU.ActiveCfg = Release|Any CPU
		{39BFD624-DC74-4EAE-9005-F1E8C8661281}.Release|Any CPU.Build.0 = Release|Any CPU
		{BCDA2831-58B4-4BF1-A9F3-DB5489E759D9}.Debug|Any CPU.ActiveCfg = Debug|Any CPU
		{BCDA2831-58B4-4BF1-A9F3-DB5489E759D9}.Debug|Any CPU.Build.0 = Debug|Any CPU
		{BCDA2831-58B4-4BF1-A9F3-DB5489E759D9}.Release|Any CPU.ActiveCfg = Release|Any CPU
		{BCDA2831-58B4-4BF1-A9F3-DB5489E759D9}.Release|Any CPU.Build.0 = Release|Any CPU
		{71D785C6-8010-4BF2-8052-64FF7463553C}.Debug|Any CPU.ActiveCfg = Debug|Any CPU
		{71D785C6-8010-4BF2-8052-64FF7463553C}.Debug|Any CPU.Build.0 = Debug|Any CPU
		{71D785C6-8010-4BF2-8052-64FF7463553C}.Release|Any CPU.ActiveCfg = Release|Any CPU
		{71D785C6-8010-4BF2-8052-64FF7463553C}.Release|Any CPU.Build.0 = Release|Any CPU
		{516A83A0-A501-4B8C-9C93-C490D63A648C}.Debug|Any CPU.ActiveCfg = Debug|Any CPU
		{516A83A0-A501-4B8C-9C93-C490D63A648C}.Debug|Any CPU.Build.0 = Debug|Any CPU
		{516A83A0-A501-4B8C-9C93-C490D63A648C}.Release|Any CPU.ActiveCfg = Release|Any CPU
		{516A83A0-A501-4B8C-9C93-C490D63A648C}.Release|Any CPU.Build.0 = Release|Any CPU
	EndGlobalSection
	GlobalSection(SolutionProperties) = preSolution
		HideSolutionNode = FALSE
	EndGlobalSection
	GlobalSection(ExtensibilityGlobals) = postSolution
		SolutionGuid = {887152BF-E3A1-48D1-B373-C05AA2A7D9B8}
	EndGlobalSection
EndGlobal
