
Microsoft Visual Studio Solution File, Format Version 12.00
# Visual Studio 15
VisualStudioVersion = 15.0.27130.2010
MinimumVisualStudioVersion = 10.0.40219.1
Project("{9A19103F-16F7-4668-BE54-9A1E7A4F7556}") = "WebMagicSharp", "WebMagicSharp\WebMagicSharp.csproj", "{53EB02E5-3DE9-4809-AA97-5E35C1C95535}"
EndProject
Project("{9A19103F-16F7-4668-BE54-9A1E7A4F7556}") = "WebMagicSharp.Extensions", "WebMagicSharp.Extensions\WebMagicSharp.Extensions.csproj", "{39BFD624-DC74-4EAE-9005-F1E8C8661281}"
EndProject
Project("{9A19103F-16F7-4668-BE54-9A1E7A4F7556}") = "DuGu.Standard.Http", "DuGu.Standard.Http\DuGu.Standard.Http.csproj", "{BCDA2831-58B4-4BF1-A9F3-DB5489E759D9}"
EndProject
Project("{9A19103F-16F7-4668-BE54-9A1E7A4F7556}") = "DuGu.Standard.Html", "DuGu.Standard.Html\DuGu.Standard.Html.csproj", "{71D785C6-8010-4BF2-8052-64FF7463553C}"
EndProject
Project("{2150E333-8FDC-42A3-9474-1A3956D46DE8}") = "Examples", "Examples", "{5F7C8CAC-DBCA-451D-80AF-39C76111F29E}"
EndProject
Project("{2150E333-8FDC-42A3-9474-1A3956D46DE8}") = "Tests", "Tests", "{D7039D9F-A665-4C65-9E02-9C5ABE635435}"
EndProject
Project("{FAE04EC0-301F-11D3-BF4B-00C04F79EFBC}") = "WebMagicSharp.DotNetCoreConsoleAppExample", "WebMagicSharp.DotNetCoreConsoleAppExample\WebMagicSharp.DotNetCoreConsoleAppExample.csproj", "{7FFF3F65-906B-4BCA-A0CD-CD8D669ACDD9}"
EndProject
Project("{FAE04EC0-301F-11D3-BF4B-00C04F79EFBC}") = "DuGu.NetFx2.Html", "DuGu.NetFx2.Html\DuGu.NetFx2.Html.csproj", "{F3BD7A04-5866-468B-A84E-6B45F7662763}"
EndProject
Project("{FAE04EC0-301F-11D3-BF4B-00C04F79EFBC}") = "DuGu.NetFx2.Http", "DuGu.NetFx2.Http\DuGu.NetFx2.Http.csproj", "{72D37796-AC53-4645-801F-71EB7119BB42}"
EndProject
Project("{FAE04EC0-301F-11D3-BF4B-00C04F79EFBC}") = "WebMagicSharp.NetFx2", "WebMagicSharp.NetFx2\WebMagicSharp.NetFx2.csproj", "{208400C1-E2CE-44C0-B2A0-38DDD342FA97}"
EndProject
Project("{FAE04EC0-301F-11D3-BF4B-00C04F79EFBC}") = "WebMagicSharp.Linq", "WebMagicSharp.Linq\WebMagicSharp.Linq.csproj", "{AFF9ECA1-92E6-499A-AE47-A181732FA5B5}"
EndProject
Project("{FAE04EC0-301F-11D3-BF4B-00C04F79EFBC}") = "WebMagic.WindowsFormsNetFx2AppExample", "WebMagic.WindowsFormsNetFx2AppExample\WebMagic.WindowsFormsNetFx2AppExample.csproj", "{B1247B22-424B-4A2E-B817-117ACF859247}"
EndProject
Project("{FAE04EC0-301F-11D3-BF4B-00C04F79EFBC}") = "WebMagicSharp.WpfAppNetFx45Example", "WebMagicSharp.WpfAppNetFx45Example\WebMagicSharp.WpfAppNetFx45Example.csproj", "{188F2607-093D-49F7-A654-7F3B4941B0E3}"
EndProject
Global
	GlobalSection(SolutionConfigurationPlatforms) = preSolution
		Debug|Any CPU = Debug|Any CPU
		Release|Any CPU = Release|Any CPU
	EndGlobalSection
	GlobalSection(ProjectConfigurationPlatforms) = postSolution
		{53EB02E5-3DE9-4809-AA97-5E35C1C95535}.Debug|Any CPU.ActiveCfg = Debug|Any CPU
		{53EB02E5-3DE9-4809-AA97-5E35C1C95535}.Debug|Any CPU.Build.0 = Debug|Any CPU
		{53EB02E5-3DE9-4809-AA97-5E35C1C95535}.Release|Any CPU.ActiveCfg = Release|Any CPU
		{53EB02E5-3DE9-4809-AA97-5E35C1C95535}.Release|Any CPU.Build.0 = Release|Any CPU
		{39BFD624-DC74-4EAE-9005-F1E8C8661281}.Debug|Any CPU.ActiveCfg = Debug|Any CPU
		{39BFD624-DC74-4EAE-9005-F1E8C8661281}.Debug|Any CPU.Build.0 = Debug|Any CPU
		{39BFD624-DC74-4EAE-9005-F1E8C8661281}.Release|Any CPU.ActiveCfg = Release|Any CPU
		{39BFD624-DC74-4EAE-9005-F1E8C8661281}.Release|Any CPU.Build.0 = Release|Any CPU
		{BCDA2831-58B4-4BF1-A9F3-DB5489E759D9}.Debug|Any CPU.ActiveCfg = Debug|Any CPU
		{BCDA2831-58B4-4BF1-A9F3-DB5489E759D9}.Debug|Any CPU.Build.0 = Debug|Any CPU
		{BCDA2831-58B4-4BF1-A9F3-DB5489E759D9}.Release|Any CPU.ActiveCfg = Release|Any CPU
		{BCDA2831-58B4-4BF1-A9F3-DB5489E759D9}.Release|Any CPU.Build.0 = Release|Any CPU
		{71D785C6-8010-4BF2-8052-64FF7463553C}.Debug|Any CPU.ActiveCfg = Debug|Any CPU
		{71D785C6-8010-4BF2-8052-64FF7463553C}.Debug|Any CPU.Build.0 = Debug|Any CPU
		{71D785C6-8010-4BF2-8052-64FF7463553C}.Release|Any CPU.ActiveCfg = Release|Any CPU
		{71D785C6-8010-4BF2-8052-64FF7463553C}.Release|Any CPU.Build.0 = Release|Any CPU
		{7FFF3F65-906B-4BCA-A0CD-CD8D669ACDD9}.Debug|Any CPU.ActiveCfg = Debug|Any CPU
		{7FFF3F65-906B-4BCA-A0CD-CD8D669ACDD9}.Debug|Any CPU.Build.0 = Debug|Any CPU
		{7FFF3F65-906B-4BCA-A0CD-CD8D669ACDD9}.Release|Any CPU.ActiveCfg = Release|Any CPU
		{7FFF3F65-906B-4BCA-A0CD-CD8D669ACDD9}.Release|Any CPU.Build.0 = Release|Any CPU
		{F3BD7A04-5866-468B-A84E-6B45F7662763}.Debug|Any CPU.ActiveCfg = Debug|Any CPU
		{F3BD7A04-5866-468B-A84E-6B45F7662763}.Debug|Any CPU.Build.0 = Debug|Any CPU
		{F3BD7A04-5866-468B-A84E-6B45F7662763}.Release|Any CPU.ActiveCfg = Release|Any CPU
		{F3BD7A04-5866-468B-A84E-6B45F7662763}.Release|Any CPU.Build.0 = Release|Any CPU
		{72D37796-AC53-4645-801F-71EB7119BB42}.Debug|Any CPU.ActiveCfg = Debug|Any CPU
		{72D37796-AC53-4645-801F-71EB7119BB42}.Debug|Any CPU.Build.0 = Debug|Any CPU
		{72D37796-AC53-4645-801F-71EB7119BB42}.Release|Any CPU.ActiveCfg = Release|Any CPU
		{72D37796-AC53-4645-801F-71EB7119BB42}.Release|Any CPU.Build.0 = Release|Any CPU
		{208400C1-E2CE-44C0-B2A0-38DDD342FA97}.Debug|Any CPU.ActiveCfg = Debug|Any CPU
		{208400C1-E2CE-44C0-B2A0-38DDD342FA97}.Debug|Any CPU.Build.0 = Debug|Any CPU
		{208400C1-E2CE-44C0-B2A0-38DDD342FA97}.Release|Any CPU.ActiveCfg = Release|Any CPU
		{208400C1-E2CE-44C0-B2A0-38DDD342FA97}.Release|Any CPU.Build.0 = Release|Any CPU
		{AFF9ECA1-92E6-499A-AE47-A181732FA5B5}.Debug|Any CPU.ActiveCfg = Debug|Any CPU
		{AFF9ECA1-92E6-499A-AE47-A181732FA5B5}.Debug|Any CPU.Build.0 = Debug|Any CPU
		{AFF9ECA1-92E6-499A-AE47-A181732FA5B5}.Release|Any CPU.ActiveCfg = Release|Any CPU
		{AFF9ECA1-92E6-499A-AE47-A181732FA5B5}.Release|Any CPU.Build.0 = Release|Any CPU
		{B1247B22-424B-4A2E-B817-117ACF859247}.Debug|Any CPU.ActiveCfg = Debug|Any CPU
		{B1247B22-424B-4A2E-B817-117ACF859247}.Debug|Any CPU.Build.0 = Debug|Any CPU
		{B1247B22-424B-4A2E-B817-117ACF859247}.Release|Any CPU.ActiveCfg = Release|Any CPU
		{B1247B22-424B-4A2E-B817-117ACF859247}.Release|Any CPU.Build.0 = Release|Any CPU
		{188F2607-093D-49F7-A654-7F3B4941B0E3}.Debug|Any CPU.ActiveCfg = Debug|Any CPU
		{188F2607-093D-49F7-A654-7F3B4941B0E3}.Debug|Any CPU.Build.0 = Debug|Any CPU
		{188F2607-093D-49F7-A654-7F3B4941B0E3}.Release|Any CPU.ActiveCfg = Release|Any CPU
		{188F2607-093D-49F7-A654-7F3B4941B0E3}.Release|Any CPU.Build.0 = Release|Any CPU
	EndGlobalSection
	GlobalSection(SolutionProperties) = preSolution
		HideSolutionNode = FALSE
	EndGlobalSection
	GlobalSection(NestedProjects) = preSolution
		{7FFF3F65-906B-4BCA-A0CD-CD8D669ACDD9} = {5F7C8CAC-DBCA-451D-80AF-39C76111F29E}
		{B1247B22-424B-4A2E-B817-117ACF859247} = {5F7C8CAC-DBCA-451D-80AF-39C76111F29E}
		{188F2607-093D-49F7-A654-7F3B4941B0E3} = {5F7C8CAC-DBCA-451D-80AF-39C76111F29E}
	EndGlobalSection
	GlobalSection(ExtensibilityGlobals) = postSolution
		SolutionGuid = {887152BF-E3A1-48D1-B373-C05AA2A7D9B8}
	EndGlobalSection
EndGlobal
